
Microsoft Visual Studio Solution File, Format Version 12.00
Project("{FAE04EC0-301F-11D3-BF4B-00C04F79EFBC}") = "TalentryBussinesCore", "TalentryBussinesCore\TalentryBussinesCore.csproj", "{366C7C7A-D3E6-4E9F-A553-59F2ABD18E82}"
EndProject
Project("{FAE04EC0-301F-11D3-BF4B-00C04F79EFBC}") = "Domain", "Domain\Domain.csproj", "{81860CB1-D643-46F0-8EB6-501AC860957E}"
EndProject
Project("{FAE04EC0-301F-11D3-BF4B-00C04F79EFBC}") = "Infraestructure", "Infraestructure\Infraestructure.csproj", "{A048D64D-9EC0-4850-8BC2-3A2E80176CDA}"
EndProject
Project("{FAE04EC0-301F-11D3-BF4B-00C04F79EFBC}") = "Application", "Application\Application.csproj", "{BBD042B1-7475-4A87-B592-1B1FDFBA0B12}"
EndProject
Project("{2150E333-8FDC-42A3-9474-1A3956D46DE8}") = "Worker", "Worker", "{41403A98-4519-4956-8193-885B57A7B8AB}"
EndProject
Project("{FAE04EC0-301F-11D3-BF4B-00C04F79EFBC}") = "Analysis.Worker", "Analysis.Worker\Analysis.Worker.csproj", "{C1277E93-0832-4927-A0BE-C83955F00742}"
EndProject
Global
	GlobalSection(SolutionConfigurationPlatforms) = preSolution
		Debug|Any CPU = Debug|Any CPU
		Release|Any CPU = Release|Any CPU
	EndGlobalSection
	GlobalSection(ProjectConfigurationPlatforms) = postSolution
		{366C7C7A-D3E6-4E9F-A553-59F2ABD18E82}.Debug|Any CPU.ActiveCfg = Debug|Any CPU
		{366C7C7A-D3E6-4E9F-A553-59F2ABD18E82}.Debug|Any CPU.Build.0 = Debug|Any CPU
		{366C7C7A-D3E6-4E9F-A553-59F2ABD18E82}.Release|Any CPU.ActiveCfg = Release|Any CPU
		{366C7C7A-D3E6-4E9F-A553-59F2ABD18E82}.Release|Any CPU.Build.0 = Release|Any CPU
		{81860CB1-D643-46F0-8EB6-501AC860957E}.Debug|Any CPU.ActiveCfg = Debug|Any CPU
		{81860CB1-D643-46F0-8EB6-501AC860957E}.Debug|Any CPU.Build.0 = Debug|Any CPU
		{81860CB1-D643-46F0-8EB6-501AC860957E}.Release|Any CPU.ActiveCfg = Release|Any CPU
		{81860CB1-D643-46F0-8EB6-501AC860957E}.Release|Any CPU.Build.0 = Release|Any CPU
		{A048D64D-9EC0-4850-8BC2-3A2E80176CDA}.Debug|Any CPU.ActiveCfg = Debug|Any CPU
		{A048D64D-9EC0-4850-8BC2-3A2E80176CDA}.Debug|Any CPU.Build.0 = Debug|Any CPU
		{A048D64D-9EC0-4850-8BC2-3A2E80176CDA}.Release|Any CPU.ActiveCfg = Release|Any CPU
		{A048D64D-9EC0-4850-8BC2-3A2E80176CDA}.Release|Any CPU.Build.0 = Release|Any CPU
		{BBD042B1-7475-4A87-B592-1B1FDFBA0B12}.Debug|Any CPU.ActiveCfg = Debug|Any CPU
		{BBD042B1-7475-4A87-B592-1B1FDFBA0B12}.Debug|Any CPU.Build.0 = Debug|Any CPU
		{BBD042B1-7475-4A87-B592-1B1FDFBA0B12}.Release|Any CPU.ActiveCfg = Release|Any CPU
		{BBD042B1-7475-4A87-B592-1B1FDFBA0B12}.Release|Any CPU.Build.0 = Release|Any CPU
		{C1277E93-0832-4927-A0BE-C83955F00742}.Debug|Any CPU.ActiveCfg = Debug|Any CPU
		{C1277E93-0832-4927-A0BE-C83955F00742}.Debug|Any CPU.Build.0 = Debug|Any CPU
		{C1277E93-0832-4927-A0BE-C83955F00742}.Release|Any CPU.ActiveCfg = Release|Any CPU
		{C1277E93-0832-4927-A0BE-C83955F00742}.Release|Any CPU.Build.0 = Release|Any CPU
	EndGlobalSection
	GlobalSection(NestedProjects) = preSolution
		{C1277E93-0832-4927-A0BE-C83955F00742} = {41403A98-4519-4956-8193-885B57A7B8AB}
	EndGlobalSection
EndGlobal
